// !$*UTF8*$!
{
	archiveVersion = 1;
	classes = {
	};
	objectVersion = 48;
	objects = {

/* Begin PBXBuildFile section */
		B74436321FA8AAE700214742 /* AppDelegate.swift in Sources */ = {isa = PBXBuildFile; fileRef = B74436311FA8AAE700214742 /* AppDelegate.swift */; };
		B74436341FA8AAE700214742 /* ViewController.swift in Sources */ = {isa = PBXBuildFile; fileRef = B74436331FA8AAE700214742 /* ViewController.swift */; };
		B74436371FA8AAE700214742 /* Main.storyboard in Resources */ = {isa = PBXBuildFile; fileRef = B74436351FA8AAE700214742 /* Main.storyboard */; };
		B74436391FA8AAE700214742 /* Assets.xcassets in Resources */ = {isa = PBXBuildFile; fileRef = B74436381FA8AAE700214742 /* Assets.xcassets */; };
		B744363C1FA8AAE700214742 /* LaunchScreen.storyboard in Resources */ = {isa = PBXBuildFile; fileRef = B744363A1FA8AAE700214742 /* LaunchScreen.storyboard */; };
		B74436441FA8B54C00214742 /* Inceptionv3.mlmodel in Sources */ = {isa = PBXBuildFile; fileRef = B74436431FA8B54C00214742 /* Inceptionv3.mlmodel */; };
		B74436461FA8BBD700214742 /* MobileNet.mlmodel in Sources */ = {isa = PBXBuildFile; fileRef = B74436451FA8BBD700214742 /* MobileNet.mlmodel */; };
		B74436481FA8BCC900214742 /* SqueezeNet.mlmodel in Sources */ = {isa = PBXBuildFile; fileRef = B74436471FA8BCC900214742 /* SqueezeNet.mlmodel */; };
		B7D595ED1FA8C23B003206CC /* GoogLeNetPlaces.mlmodel in Sources */ = {isa = PBXBuildFile; fileRef = B7D595EC1FA8C23B003206CC /* GoogLeNetPlaces.mlmodel */; };
/* End PBXBuildFile section */

/* Begin PBXFileReference section */
		B744362E1FA8AAE700214742 /* MachineLearning.app */ = {isa = PBXFileReference; explicitFileType = wrapper.application; includeInIndex = 0; path = MachineLearning.app; sourceTree = BUILT_PRODUCTS_DIR; };
		B74436311FA8AAE700214742 /* AppDelegate.swift */ = {isa = PBXFileReference; lastKnownFileType = sourcecode.swift; path = AppDelegate.swift; sourceTree = "<group>"; };
		B74436331FA8AAE700214742 /* ViewController.swift */ = {isa = PBXFileReference; lastKnownFileType = sourcecode.swift; path = ViewController.swift; sourceTree = "<group>"; };
		B74436361FA8AAE700214742 /* Base */ = {isa = PBXFileReference; lastKnownFileType = file.storyboard; name = Base; path = Base.lproj/Main.storyboard; sourceTree = "<group>"; };
		B74436381FA8AAE700214742 /* Assets.xcassets */ = {isa = PBXFileReference; lastKnownFileType = folder.assetcatalog; path = Assets.xcassets; sourceTree = "<group>"; };
		B744363B1FA8AAE700214742 /* Base */ = {isa = PBXFileReference; lastKnownFileType = file.storyboard; name = Base; path = Base.lproj/LaunchScreen.storyboard; sourceTree = "<group>"; };
		B744363D1FA8AAE700214742 /* Info.plist */ = {isa = PBXFileReference; lastKnownFileType = text.plist.xml; path = Info.plist; sourceTree = "<group>"; };
		B74436431FA8B54C00214742 /* Inceptionv3.mlmodel */ = {isa = PBXFileReference; lastKnownFileType = file.mlmodel; path = Inceptionv3.mlmodel; sourceTree = "<group>"; };
		B74436451FA8BBD700214742 /* MobileNet.mlmodel */ = {isa = PBXFileReference; lastKnownFileType = file.mlmodel; path = MobileNet.mlmodel; sourceTree = "<group>"; };
		B74436471FA8BCC900214742 /* SqueezeNet.mlmodel */ = {isa = PBXFileReference; lastKnownFileType = file.mlmodel; path = SqueezeNet.mlmodel; sourceTree = "<group>"; };
		B7D595EC1FA8C23B003206CC /* GoogLeNetPlaces.mlmodel */ = {isa = PBXFileReference; lastKnownFileType = file.mlmodel; path = GoogLeNetPlaces.mlmodel; sourceTree = "<group>"; };
/* End PBXFileReference section */

/* Begin PBXFrameworksBuildPhase section */
		B744362B1FA8AAE700214742 /* Frameworks */ = {
			isa = PBXFrameworksBuildPhase;
			buildActionMask = 2147483647;
			files = (
			);
			runOnlyForDeploymentPostprocessing = 0;
		};
/* End PBXFrameworksBuildPhase section */

/* Begin PBXGroup section */
		B74436251FA8AAE700214742 = {
			isa = PBXGroup;
			children = (
				B74436301FA8AAE700214742 /* MachineLearning */,
				B744362F1FA8AAE700214742 /* Products */,
			);
			sourceTree = "<group>";
		};
		B744362F1FA8AAE700214742 /* Products */ = {
			isa = PBXGroup;
			children = (
				B744362E1FA8AAE700214742 /* MachineLearning.app */,
			);
			name = Products;
			sourceTree = "<group>";
		};
		B74436301FA8AAE700214742 /* MachineLearning */ = {
			isa = PBXGroup;
			children = (
				B74436311FA8AAE700214742 /* AppDelegate.swift */,
				B74436331FA8AAE700214742 /* ViewController.swift */,
				B74436431FA8B54C00214742 /* Inceptionv3.mlmodel */,
				B74436451FA8BBD700214742 /* MobileNet.mlmodel */,
				B7D595EC1FA8C23B003206CC /* GoogLeNetPlaces.mlmodel */,
				B74436471FA8BCC900214742 /* SqueezeNet.mlmodel */,
				B74436351FA8AAE700214742 /* Main.storyboard */,
				B74436381FA8AAE700214742 /* Assets.xcassets */,
				B744363A1FA8AAE700214742 /* LaunchScreen.storyboard */,
				B744363D1FA8AAE700214742 /* Info.plist */,
			);
			path = MachineLearning;
			sourceTree = "<group>";
		};
/* End PBXGroup section */

/* Begin PBXNativeTarget section */
		B744362D1FA8AAE700214742 /* MachineLearning */ = {
			isa = PBXNativeTarget;
			buildConfigurationList = B74436401FA8AAE700214742 /* Build configuration list for PBXNativeTarget "MachineLearning" */;
			buildPhases = (
				B744362A1FA8AAE700214742 /* Sources */,
				B744362B1FA8AAE700214742 /* Frameworks */,
				B744362C1FA8AAE700214742 /* Resources */,
			);
			buildRules = (
			);
			dependencies = (
			);
			name = MachineLearning;
			productName = MachineLearning;
			productReference = B744362E1FA8AAE700214742 /* MachineLearning.app */;
			productType = "com.apple.product-type.application";
		};
/* End PBXNativeTarget section */

/* Begin PBXProject section */
		B74436261FA8AAE700214742 /* Project object */ = {
			isa = PBXProject;
			attributes = {
				LastSwiftUpdateCheck = 0900;
				LastUpgradeCheck = 0900;
				ORGANIZATIONNAME = yujiro_saito;
				TargetAttributes = {
					B744362D1FA8AAE700214742 = {
						CreatedOnToolsVersion = 9.0.1;
						ProvisioningStyle = Automatic;
					};
				};
			};
			buildConfigurationList = B74436291FA8AAE700214742 /* Build configuration list for PBXProject "MachineLearning" */;
			compatibilityVersion = "Xcode 8.0";
			developmentRegion = en;
			hasScannedForEncodings = 0;
			knownRegions = (
				en,
				Base,
			);
			mainGroup = B74436251FA8AAE700214742;
			productRefGroup = B744362F1FA8AAE700214742 /* Products */;
			projectDirPath = "";
			projectRoot = "";
			targets = (
				B744362D1FA8AAE700214742 /* MachineLearning */,
			);
		};
/* End PBXProject section */

/* Begin PBXResourcesBuildPhase section */
		B744362C1FA8AAE700214742 /* Resources */ = {
			isa = PBXResourcesBuildPhase;
			buildActionMask = 2147483647;
			files = (
				B744363C1FA8AAE700214742 /* LaunchScreen.storyboard in Resources */,
				B74436391FA8AAE700214742 /* Assets.xcassets in Resources */,
				B74436371FA8AAE700214742 /* Main.storyboard in Resources */,
			);
			runOnlyForDeploymentPostprocessing = 0;
		};
/* End PBXResourcesBuildPhase section */

/* Begin PBXSourcesBuildPhase section */
		B744362A1FA8AAE700214742 /* Sources */ = {
			isa = PBXSourcesBuildPhase;
			buildActionMask = 2147483647;
			files = (
				B74436461FA8BBD700214742 /* MobileNet.mlmodel in Sources */,
				B74436341FA8AAE700214742 /* ViewController.swift in Sources */,
				B74436481FA8BCC900214742 /* SqueezeNet.mlmodel in Sources */,
				B74436441FA8B54C00214742 /* Inceptionv3.mlmodel in Sources */,
				B74436321FA8AAE700214742 /* AppDelegate.swift in Sources */,
				B7D595ED1FA8C23B003206CC /* GoogLeNetPlaces.mlmodel in Sources */,
			);
			runOnlyForDeploymentPostprocessing = 0;
		};
/* End PBXSourcesBuildPhase section */

/* Begin PBXVariantGroup section */
		B74436351FA8AAE700214742 /* Main.storyboard */ = {
			isa = PBXVariantGroup;
			children = (
				B74436361FA8AAE700214742 /* Base */,
			);
			name = Main.storyboard;
			sourceTree = "<group>";
		};
		B744363A1FA8AAE700214742 /* LaunchScreen.storyboard */ = {
			isa = PBXVariantGroup;
			children = (
				B744363B1FA8AAE700214742 /* Base */,
			);
			name = LaunchScreen.storyboard;
			sourceTree = "<group>";
		};
/* End PBXVariantGroup section */

/* Begin XCBuildConfiguration section */
		B744363E1FA8AAE700214742 /* Debug */ = {
			isa = XCBuildConfiguration;
			buildSettings = {
				ALWAYS_SEARCH_USER_PATHS = NO;
				CLANG_ANALYZER_NONNULL = YES;
				CLANG_ANALYZER_NUMBER_OBJECT_CONVERSION = YES_AGGRESSIVE;
				CLANG_CXX_LANGUAGE_STANDARD = "gnu++14";
				CLANG_CXX_LIBRARY = "libc++";
				CLANG_ENABLE_MODULES = YES;
				CLANG_ENABLE_OBJC_ARC = YES;
				CLANG_WARN_BLOCK_CAPTURE_AUTORELEASING = YES;
				CLANG_WARN_BOOL_CONVERSION = YES;
				CLANG_WARN_COMMA = YES;
				CLANG_WARN_CONSTANT_CONVERSION = YES;
				CLANG_WARN_DIRECT_OBJC_ISA_USAGE = YES_ERROR;
				CLANG_WARN_DOCUMENTATION_COMMENTS = YES;
				CLANG_WARN_EMPTY_BODY = YES;
				CLANG_WARN_ENUM_CONVERSION = YES;
				CLANG_WARN_INFINITE_RECURSION = YES;
				CLANG_WARN_INT_CONVERSION = YES;
				CLANG_WARN_NON_LITERAL_NULL_CONVERSION = YES;
				CLANG_WARN_OBJC_LITERAL_CONVERSION = YES;
				CLANG_WARN_OBJC_ROOT_CLASS = YES_ERROR;
				CLANG_WARN_RANGE_LOOP_ANALYSIS = YES;
				CLANG_WARN_STRICT_PROTOTYPES = YES;
				CLANG_WARN_SUSPICIOUS_MOVE = YES;
				CLANG_WARN_UNGUARDED_AVAILABILITY = YES_AGGRESSIVE;
				CLANG_WARN_UNREACHABLE_CODE = YES;
				CLANG_WARN__DUPLICATE_METHOD_MATCH = YES;
				CODE_SIGN_IDENTITY = "iPhone Developer";
				COPY_PHASE_STRIP = NO;
				DEBUG_INFORMATION_FORMAT = dwarf;
				ENABLE_STRICT_OBJC_MSGSEND = YES;
				ENABLE_TESTABILITY = YES;
				GCC_C_LANGUAGE_STANDARD = gnu11;
				GCC_DYNAMIC_NO_PIC = NO;
				GCC_NO_COMMON_BLOCKS = YES;
				GCC_OPTIMIZATION_LEVEL = 0;
				GCC_PREPROCESSOR_DEFINITIONS = (
					"DEBUG=1",
					"$(inherited)",
				);
				GCC_WARN_64_TO_32_BIT_CONVERSION = YES;
				GCC_WARN_ABOUT_RETURN_TYPE = YES_ERROR;
				GCC_WARN_UNDECLARED_SELECTOR = YES;
				GCC_WARN_UNINITIALIZED_AUTOS = YES_AGGRESSIVE;
				GCC_WARN_UNUSED_FUNCTION = YES;
				GCC_WARN_UNUSED_VARIABLE = YES;
				IPHONEOS_DEPLOYMENT_TARGET = 11.0;
				MTL_ENABLE_DEBUG_INFO = YES;
				ONLY_ACTIVE_ARCH = YES;
				SDKROOT = iphoneos;
				SWIFT_ACTIVE_COMPILATION_CONDITIONS = DEBUG;
				SWIFT_OPTIMIZATION_LEVEL = "-Onone";
			};
			name = Debug;
		};
		B744363F1FA8AAE700214742 /* Release */ = {
			isa = XCBuildConfiguration;
			buildSettings = {
				ALWAYS_SEARCH_USER_PATHS = NO;
				CLANG_ANALYZER_NONNULL = YES;
				CLANG_ANALYZER_NUMBER_OBJECT_CONVERSION = YES_AGGRESSIVE;
				CLANG_CXX_LANGUAGE_STANDARD = "gnu++14";
				CLANG_CXX_LIBRARY = "libc++";
				CLANG_ENABLE_MODULES = YES;
				CLANG_ENABLE_OBJC_ARC = YES;
				CLANG_WARN_BLOCK_CAPTURE_AUTORELEASING = YES;
				CLANG_WARN_BOOL_CONVERSION = YES;
				CLANG_WARN_COMMA = YES;
				CLANG_WARN_CONSTANT_CONVERSION = YES;
				CLANG_WARN_DIRECT_OBJC_ISA_USAGE = YES_ERROR;
				CLANG_WARN_DOCUMENTATION_COMMENTS = YES;
				CLANG_WARN_EMPTY_BODY = YES;
				CLANG_WARN_ENUM_CONVERSION = YES;
				CLANG_WARN_INFINITE_RECURSION = YES;
				CLANG_WARN_INT_CONVERSION = YES;
				CLANG_WARN_NON_LITERAL_NULL_CONVERSION = YES;
				CLANG_WARN_OBJC_LITERAL_CONVERSION = YES;
				CLANG_WARN_OBJC_ROOT_CLASS = YES_ERROR;
				CLANG_WARN_RANGE_LOOP_ANALYSIS = YES;
				CLANG_WARN_STRICT_PROTOTYPES = YES;
				CLANG_WARN_SUSPICIOUS_MOVE = YES;
				CLANG_WARN_UNGUARDED_AVAILABILITY = YES_AGGRESSIVE;
				CLANG_WARN_UNREACHABLE_CODE = YES;
				CLANG_WARN__DUPLICATE_METHOD_MATCH = YES;
				CODE_SIGN_IDENTITY = "iPhone Developer";
				COPY_PHASE_STRIP = NO;
				DEBUG_INFORMATION_FORMAT = "dwarf-with-dsym";
				ENABLE_NS_ASSERTIONS = NO;
				ENABLE_STRICT_OBJC_MSGSEND = YES;
				GCC_C_LANGUAGE_STANDARD = gnu11;
				GCC_NO_COMMON_BLOCKS = YES;
				GCC_WARN_64_TO_32_BIT_CONVERSION = YES;
				GCC_WARN_ABOUT_RETURN_TYPE = YES_ERROR;
				GCC_WARN_UNDECLARED_SELECTOR = YES;
				GCC_WARN_UNINITIALIZED_AUTOS = YES_AGGRESSIVE;
				GCC_WARN_UNUSED_FUNCTION = YES;
				GCC_WARN_UNUSED_VARIABLE = YES;
				IPHONEOS_DEPLOYMENT_TARGET = 11.0;
				MTL_ENABLE_DEBUG_INFO = NO;
				SDKROOT = iphoneos;
				SWIFT_OPTIMIZATION_LEVEL = "-Owholemodule";
				VALIDATE_PRODUCT = YES;
			};
			name = Release;
		};
		B74436411FA8AAE700214742 /* Debug */ = {
			isa = XCBuildConfiguration;
			buildSettings = {
				ASSETCATALOG_COMPILER_APPICON_NAME = AppIcon;
				CODE_SIGN_STYLE = Automatic;
				DEVELOPMENT_TEAM = 4Z7E4P5NG8;
				INFOPLIST_FILE = MachineLearning/Info.plist;
				LD_RUNPATH_SEARCH_PATHS = "$(inherited) @executable_path/Frameworks";
				PRODUCT_BUNDLE_IDENTIFIER = yujirone.com.MachineLearning;
				PRODUCT_NAME = "$(TARGET_NAME)";
				SWIFT_VERSION = 4.0;
				TARGETED_DEVICE_FAMILY = "1,2";
			};
			name = Debug;
		};
		B74436421FA8AAE700214742 /* Release */ = {
			isa = XCBuildConfiguration;
			buildSettings = {
				ASSETCATALOG_COMPILER_APPICON_NAME = AppIcon;
				CODE_SIGN_STYLE = Automatic;
				DEVELOPMENT_TEAM = 4Z7E4P5NG8;
				INFOPLIST_FILE = MachineLearning/Info.plist;
				LD_RUNPATH_SEARCH_PATHS = "$(inherited) @executable_path/Frameworks";
				PRODUCT_BUNDLE_IDENTIFIER = yujirone.com.MachineLearning;
				PRODUCT_NAME = "$(TARGET_NAME)";
				SWIFT_VERSION = 4.0;
				TARGETED_DEVICE_FAMILY = "1,2";
			};
			name = Release;
		};
/* End XCBuildConfiguration section */

/* Begin XCConfigurationList section */
		B74436291FA8AAE700214742 /* Build configuration list for PBXProject "MachineLearning" */ = {
			isa = XCConfigurationList;
			buildConfigurations = (
				B744363E1FA8AAE700214742 /* Debug */,
				B744363F1FA8AAE700214742 /* Release */,
			);
			defaultConfigurationIsVisible = 0;
			defaultConfigurationName = Release;
		};
		B74436401FA8AAE700214742 /* Build configuration list for PBXNativeTarget "MachineLearning" */ = {
			isa = XCConfigurationList;
			buildConfigurations = (
				B74436411FA8AAE700214742 /* Debug */,
				B74436421FA8AAE700214742 /* Release */,
			);
			defaultConfigurationIsVisible = 0;
			defaultConfigurationName = Release;
		};
/* End XCConfigurationList section */
	};
	rootObject = B74436261FA8AAE700214742 /* Project object */;
}
